// !$*UTF8*$!
{
	archiveVersion = 1;
	classes = {
	};
	objectVersion = 46;
	objects = {

/* Begin PBXBuildFile section */
		FD203FAE1D1A80C3002AD624 /* KyoLoadMoreControl.m in Sources */ = {isa = PBXBuildFile; fileRef = FD203FAD1D1A80C3002AD624 /* KyoLoadMoreControl.m */; };
		FD203FB01D1B93BB002AD624 /* btn_blue_gaoliang.png in Resources */ = {isa = PBXBuildFile; fileRef = FD203FAF1D1B93BB002AD624 /* btn_blue_gaoliang.png */; };
		FD203FB21D1B93C1002AD624 /* btn_blue_moren.png in Resources */ = {isa = PBXBuildFile; fileRef = FD203FB11D1B93C1002AD624 /* btn_blue_moren.png */; };
		FD636E8F1D1402090010780B /* main.m in Sources */ = {isa = PBXBuildFile; fileRef = FD636E8E1D1402090010780B /* main.m */; };
		FD636E921D1402090010780B /* AppDelegate.m in Sources */ = {isa = PBXBuildFile; fileRef = FD636E911D1402090010780B /* AppDelegate.m */; };
		FD636E951D1402090010780B /* ViewController.m in Sources */ = {isa = PBXBuildFile; fileRef = FD636E941D1402090010780B /* ViewController.m */; };
		FD636E981D1402090010780B /* Main.storyboard in Resources */ = {isa = PBXBuildFile; fileRef = FD636E961D1402090010780B /* Main.storyboard */; };
		FD636E9A1D1402090010780B /* Assets.xcassets in Resources */ = {isa = PBXBuildFile; fileRef = FD636E991D1402090010780B /* Assets.xcassets */; };
		FD636E9D1D1402090010780B /* LaunchScreen.storyboard in Resources */ = {isa = PBXBuildFile; fileRef = FD636E9B1D1402090010780B /* LaunchScreen.storyboard */; };
		FD636EA81D1402090010780B /* MTRefreshControlTests.m in Sources */ = {isa = PBXBuildFile; fileRef = FD636EA71D1402090010780B /* MTRefreshControlTests.m */; };
		FDAC263D1D17936C006C7184 /* HZRefreshControlViewPinterest.m in Sources */ = {isa = PBXBuildFile; fileRef = FDAC263C1D17936C006C7184 /* HZRefreshControlViewPinterest.m */; };
		FDAC263F1D179C1D006C7184 /* MTRefresh.bundle in Resources */ = {isa = PBXBuildFile; fileRef = FDAC263E1D179C1D006C7184 /* MTRefresh.bundle */; };
		FDAC264D1D183BD1006C7184 /* RHAnimator.m in Sources */ = {isa = PBXBuildFile; fileRef = FDAC264C1D183BD1006C7184 /* RHAnimator.m */; };
		FDAC26501D183F57006C7184 /* HZRefreshControlConfiguration.m in Sources */ = {isa = PBXBuildFile; fileRef = FDAC264F1D183F57006C7184 /* HZRefreshControlConfiguration.m */; };
		FDAC26531D18DD4F006C7184 /* HZRefreshControl.m in Sources */ = {isa = PBXBuildFile; fileRef = FDAC26521D18DD4F006C7184 /* HZRefreshControl.m */; };
		FDAC26561D1930B9006C7184 /* HZRefreshComponetView.m in Sources */ = {isa = PBXBuildFile; fileRef = FDAC26551D1930B9006C7184 /* HZRefreshComponetView.m */; };
/* End PBXBuildFile section */

/* Begin PBXContainerItemProxy section */
		FD636EA41D1402090010780B /* PBXContainerItemProxy */ = {
			isa = PBXContainerItemProxy;
			containerPortal = FD636E821D1402090010780B /* Project object */;
			proxyType = 1;
			remoteGlobalIDString = FD636E891D1402090010780B;
			remoteInfo = MTRefreshControl;
		};
/* End PBXContainerItemProxy section */

/* Begin PBXFileReference section */
		FD203FAC1D1A80C3002AD624 /* KyoLoadMoreControl.h */ = {isa = PBXFileReference; fileEncoding = 4; lastKnownFileType = sourcecode.c.h; path = KyoLoadMoreControl.h; sourceTree = "<group>"; };
		FD203FAD1D1A80C3002AD624 /* KyoLoadMoreControl.m */ = {isa = PBXFileReference; fileEncoding = 4; lastKnownFileType = sourcecode.c.objc; path = KyoLoadMoreControl.m; sourceTree = "<group>"; };
		FD203FAF1D1B93BB002AD624 /* btn_blue_gaoliang.png */ = {isa = PBXFileReference; lastKnownFileType = image.png; path = btn_blue_gaoliang.png; sourceTree = "<group>"; };
		FD203FB11D1B93C1002AD624 /* btn_blue_moren.png */ = {isa = PBXFileReference; lastKnownFileType = image.png; path = btn_blue_moren.png; sourceTree = "<group>"; };
		FD636E8A1D1402090010780B /* MTRefreshControl.app */ = {isa = PBXFileReference; explicitFileType = wrapper.application; includeInIndex = 0; path = MTRefreshControl.app; sourceTree = BUILT_PRODUCTS_DIR; };
		FD636E8E1D1402090010780B /* main.m */ = {isa = PBXFileReference; lastKnownFileType = sourcecode.c.objc; path = main.m; sourceTree = "<group>"; };
		FD636E901D1402090010780B /* AppDelegate.h */ = {isa = PBXFileReference; lastKnownFileType = sourcecode.c.h; path = AppDelegate.h; sourceTree = "<group>"; };
		FD636E911D1402090010780B /* AppDelegate.m */ = {isa = PBXFileReference; lastKnownFileType = sourcecode.c.objc; path = AppDelegate.m; sourceTree = "<group>"; };
		FD636E931D1402090010780B /* ViewController.h */ = {isa = PBXFileReference; lastKnownFileType = sourcecode.c.h; path = ViewController.h; sourceTree = "<group>"; };
		FD636E941D1402090010780B /* ViewController.m */ = {isa = PBXFileReference; lastKnownFileType = sourcecode.c.objc; path = ViewController.m; sourceTree = "<group>"; };
		FD636E971D1402090010780B /* Base */ = {isa = PBXFileReference; lastKnownFileType = file.storyboard; name = Base; path = Base.lproj/Main.storyboard; sourceTree = "<group>"; };
		FD636E991D1402090010780B /* Assets.xcassets */ = {isa = PBXFileReference; lastKnownFileType = folder.assetcatalog; path = Assets.xcassets; sourceTree = "<group>"; };
		FD636E9C1D1402090010780B /* Base */ = {isa = PBXFileReference; lastKnownFileType = file.storyboard; name = Base; path = Base.lproj/LaunchScreen.storyboard; sourceTree = "<group>"; };
		FD636E9E1D1402090010780B /* Info.plist */ = {isa = PBXFileReference; lastKnownFileType = text.plist.xml; path = Info.plist; sourceTree = "<group>"; };
		FD636EA31D1402090010780B /* MTRefreshControlTests.xctest */ = {isa = PBXFileReference; explicitFileType = wrapper.cfbundle; includeInIndex = 0; path = MTRefreshControlTests.xctest; sourceTree = BUILT_PRODUCTS_DIR; };
		FD636EA71D1402090010780B /* MTRefreshControlTests.m */ = {isa = PBXFileReference; lastKnownFileType = sourcecode.c.objc; path = MTRefreshControlTests.m; sourceTree = "<group>"; };
		FD636EA91D1402090010780B /* Info.plist */ = {isa = PBXFileReference; lastKnownFileType = text.plist.xml; path = Info.plist; sourceTree = "<group>"; };
		FD636EB71D1404350010780B /* HZRefreshControlViewProtocol.h */ = {isa = PBXFileReference; fileEncoding = 4; lastKnownFileType = sourcecode.c.h; path = HZRefreshControlViewProtocol.h; sourceTree = "<group>"; };
		FDAC263B1D17936C006C7184 /* HZRefreshControlViewPinterest.h */ = {isa = PBXFileReference; fileEncoding = 4; lastKnownFileType = sourcecode.c.h; path = HZRefreshControlViewPinterest.h; sourceTree = "<group>"; };
		FDAC263C1D17936C006C7184 /* HZRefreshControlViewPinterest.m */ = {isa = PBXFileReference; fileEncoding = 4; lastKnownFileType = sourcecode.c.objc; path = HZRefreshControlViewPinterest.m; sourceTree = "<group>"; };
		FDAC263E1D179C1D006C7184 /* MTRefresh.bundle */ = {isa = PBXFileReference; lastKnownFileType = "wrapper.plug-in"; path = MTRefresh.bundle; sourceTree = "<group>"; };
		FDAC264B1D183BCC006C7184 /* RHAnimator.h */ = {isa = PBXFileReference; lastKnownFileType = sourcecode.c.h; path = RHAnimator.h; sourceTree = "<group>"; };
		FDAC264C1D183BD1006C7184 /* RHAnimator.m */ = {isa = PBXFileReference; fileEncoding = 4; lastKnownFileType = sourcecode.c.objc; path = RHAnimator.m; sourceTree = "<group>"; };
		FDAC264E1D183F57006C7184 /* HZRefreshControlConfiguration.h */ = {isa = PBXFileReference; fileEncoding = 4; lastKnownFileType = sourcecode.c.h; path = HZRefreshControlConfiguration.h; sourceTree = "<group>"; };
		FDAC264F1D183F57006C7184 /* HZRefreshControlConfiguration.m */ = {isa = PBXFileReference; fileEncoding = 4; lastKnownFileType = sourcecode.c.objc; path = HZRefreshControlConfiguration.m; sourceTree = "<group>"; };
		FDAC26511D18DD4F006C7184 /* HZRefreshControl.h */ = {isa = PBXFileReference; fileEncoding = 4; lastKnownFileType = sourcecode.c.h; path = HZRefreshControl.h; sourceTree = "<group>"; };
		FDAC26521D18DD4F006C7184 /* HZRefreshControl.m */ = {isa = PBXFileReference; fileEncoding = 4; lastKnownFileType = sourcecode.c.objc; path = HZRefreshControl.m; sourceTree = "<group>"; };
		FDAC26541D1930B9006C7184 /* HZRefreshComponetView.h */ = {isa = PBXFileReference; fileEncoding = 4; lastKnownFileType = sourcecode.c.h; path = HZRefreshComponetView.h; sourceTree = "<group>"; };
		FDAC26551D1930B9006C7184 /* HZRefreshComponetView.m */ = {isa = PBXFileReference; fileEncoding = 4; lastKnownFileType = sourcecode.c.objc; path = HZRefreshComponetView.m; sourceTree = "<group>"; };
/* End PBXFileReference section */

/* Begin PBXFrameworksBuildPhase section */
		FD636E871D1402090010780B /* Frameworks */ = {
			isa = PBXFrameworksBuildPhase;
			buildActionMask = 2147483647;
			files = (
			);
			runOnlyForDeploymentPostprocessing = 0;
		};
		FD636EA01D1402090010780B /* Frameworks */ = {
			isa = PBXFrameworksBuildPhase;
			buildActionMask = 2147483647;
			files = (
			);
			runOnlyForDeploymentPostprocessing = 0;
		};
/* End PBXFrameworksBuildPhase section */

/* Begin PBXGroup section */
		FD636E811D1402090010780B = {
			isa = PBXGroup;
			children = (
				FD636E8C1D1402090010780B /* MTRefreshControl */,
				FD636EA61D1402090010780B /* MTRefreshControlTests */,
				FD636E8B1D1402090010780B /* Products */,
			);
			sourceTree = "<group>";
		};
		FD636E8B1D1402090010780B /* Products */ = {
			isa = PBXGroup;
			children = (
				FD636E8A1D1402090010780B /* MTRefreshControl.app */,
				FD636EA31D1402090010780B /* MTRefreshControlTests.xctest */,
			);
			name = Products;
			sourceTree = "<group>";
		};
		FD636E8C1D1402090010780B /* MTRefreshControl */ = {
			isa = PBXGroup;
			children = (
				FD636EB21D1403EB0010780B /* MTRefreshControl */,
				FD636E901D1402090010780B /* AppDelegate.h */,
				FD636E911D1402090010780B /* AppDelegate.m */,
				FD636E931D1402090010780B /* ViewController.h */,
				FD636E941D1402090010780B /* ViewController.m */,
				FD636E961D1402090010780B /* Main.storyboard */,
				FD636E991D1402090010780B /* Assets.xcassets */,
				FD636E9B1D1402090010780B /* LaunchScreen.storyboard */,
				FD636E9E1D1402090010780B /* Info.plist */,
				FD636E8D1D1402090010780B /* Supporting Files */,
			);
			path = MTRefreshControl;
			sourceTree = "<group>";
		};
		FD636E8D1D1402090010780B /* Supporting Files */ = {
			isa = PBXGroup;
			children = (
				FD636E8E1D1402090010780B /* main.m */,
			);
			name = "Supporting Files";
			sourceTree = "<group>";
		};
		FD636EA61D1402090010780B /* MTRefreshControlTests */ = {
			isa = PBXGroup;
			children = (
				FD636EA71D1402090010780B /* MTRefreshControlTests.m */,
				FD636EA91D1402090010780B /* Info.plist */,
			);
			path = MTRefreshControlTests;
			sourceTree = "<group>";
		};
		FD636EB21D1403EB0010780B /* MTRefreshControl */ = {
			isa = PBXGroup;
			children = (
				FD636EB31D1403EB0010780B /* HZLoadModeControl */,
				FD636EB41D1403EB0010780B /* HZRefreshControl */,
				FD636EB51D1403EB0010780B /* HZTipsView */,
				FD636EB61D1403EB0010780B /* Images */,
			);
			path = MTRefreshControl;
			sourceTree = "<group>";
		};
		FD636EB31D1403EB0010780B /* HZLoadModeControl */ = {
			isa = PBXGroup;
			children = (
				FD203FAC1D1A80C3002AD624 /* KyoLoadMoreControl.h */,
				FD203FAD1D1A80C3002AD624 /* KyoLoadMoreControl.m */,
			);
			path = HZLoadModeControl;
			sourceTree = "<group>";
		};
		FD636EB41D1403EB0010780B /* HZRefreshControl */ = {
			isa = PBXGroup;
			children = (
				FDAC264B1D183BCC006C7184 /* RHAnimator.h */,
				FDAC264C1D183BD1006C7184 /* RHAnimator.m */,
				FDAC26511D18DD4F006C7184 /* HZRefreshControl.h */,
				FDAC26521D18DD4F006C7184 /* HZRefreshControl.m */,
				FD636EB71D1404350010780B /* HZRefreshControlViewProtocol.h */,
				FDAC264E1D183F57006C7184 /* HZRefreshControlConfiguration.h */,
				FDAC264F1D183F57006C7184 /* HZRefreshControlConfiguration.m */,
				FDAC263A1D17932C006C7184 /* HZRefreshControlViewStyle */,
			);
			path = HZRefreshControl;
			sourceTree = "<group>";
		};
		FD636EB51D1403EB0010780B /* HZTipsView */ = {
			isa = PBXGroup;
			children = (
			);
			path = HZTipsView;
			sourceTree = "<group>";
		};
		FD636EB61D1403EB0010780B /* Images */ = {
			isa = PBXGroup;
			children = (
				FD203FB11D1B93C1002AD624 /* btn_blue_moren.png */,
				FD203FAF1D1B93BB002AD624 /* btn_blue_gaoliang.png */,
				FDAC263E1D179C1D006C7184 /* MTRefresh.bundle */,
			);
			path = Images;
			sourceTree = "<group>";
		};
		FDAC263A1D17932C006C7184 /* HZRefreshControlViewStyle */ = {
			isa = PBXGroup;
			children = (
				FDAC263B1D17936C006C7184 /* HZRefreshControlViewPinterest.h */,
				FDAC263C1D17936C006C7184 /* HZRefreshControlViewPinterest.m */,
				FDAC26541D1930B9006C7184 /* HZRefreshComponetView.h */,
				FDAC26551D1930B9006C7184 /* HZRefreshComponetView.m */,
			);
			name = HZRefreshControlViewStyle;
			sourceTree = "<group>";
		};
/* End PBXGroup section */

/* Begin PBXNativeTarget section */
		FD636E891D1402090010780B /* MTRefreshControl */ = {
			isa = PBXNativeTarget;
			buildConfigurationList = FD636EAC1D1402090010780B /* Build configuration list for PBXNativeTarget "MTRefreshControl" */;
			buildPhases = (
				FD636E861D1402090010780B /* Sources */,
				FD636E871D1402090010780B /* Frameworks */,
				FD636E881D1402090010780B /* Resources */,
			);
			buildRules = (
			);
			dependencies = (
			);
			name = MTRefreshControl;
			productName = MTRefreshControl;
			productReference = FD636E8A1D1402090010780B /* MTRefreshControl.app */;
			productType = "com.apple.product-type.application";
		};
		FD636EA21D1402090010780B /* MTRefreshControlTests */ = {
			isa = PBXNativeTarget;
			buildConfigurationList = FD636EAF1D1402090010780B /* Build configuration list for PBXNativeTarget "MTRefreshControlTests" */;
			buildPhases = (
				FD636E9F1D1402090010780B /* Sources */,
				FD636EA01D1402090010780B /* Frameworks */,
				FD636EA11D1402090010780B /* Resources */,
			);
			buildRules = (
			);
			dependencies = (
				FD636EA51D1402090010780B /* PBXTargetDependency */,
			);
			name = MTRefreshControlTests;
			productName = MTRefreshControlTests;
			productReference = FD636EA31D1402090010780B /* MTRefreshControlTests.xctest */;
			productType = "com.apple.product-type.bundle.unit-test";
		};
/* End PBXNativeTarget section */

/* Begin PBXProject section */
		FD636E821D1402090010780B /* Project object */ = {
			isa = PBXProject;
			attributes = {
				LastUpgradeCheck = 0730;
				ORGANIZATIONNAME = long;
				TargetAttributes = {
					FD636E891D1402090010780B = {
						CreatedOnToolsVersion = 7.3.1;
					};
					FD636EA21D1402090010780B = {
						CreatedOnToolsVersion = 7.3.1;
						TestTargetID = FD636E891D1402090010780B;
					};
				};
			};
			buildConfigurationList = FD636E851D1402090010780B /* Build configuration list for PBXProject "MTRefreshControl" */;
			compatibilityVersion = "Xcode 3.2";
			developmentRegion = English;
			hasScannedForEncodings = 0;
			knownRegions = (
				en,
				Base,
			);
			mainGroup = FD636E811D1402090010780B;
			productRefGroup = FD636E8B1D1402090010780B /* Products */;
			projectDirPath = "";
			projectRoot = "";
			targets = (
				FD636E891D1402090010780B /* MTRefreshControl */,
				FD636EA21D1402090010780B /* MTRefreshControlTests */,
			);
		};
/* End PBXProject section */

/* Begin PBXResourcesBuildPhase section */
		FD636E881D1402090010780B /* Resources */ = {
			isa = PBXResourcesBuildPhase;
			buildActionMask = 2147483647;
			files = (
				FDAC263F1D179C1D006C7184 /* MTRefresh.bundle in Resources */,
				FD636E9D1D1402090010780B /* LaunchScreen.storyboard in Resources */,
				FD203FB21D1B93C1002AD624 /* btn_blue_moren.png in Resources */,
				FD636E9A1D1402090010780B /* Assets.xcassets in Resources */,
				FD636E981D1402090010780B /* Main.storyboard in Resources */,
				FD203FB01D1B93BB002AD624 /* btn_blue_gaoliang.png in Resources */,
			);
			runOnlyForDeploymentPostprocessing = 0;
		};
		FD636EA11D1402090010780B /* Resources */ = {
			isa = PBXResourcesBuildPhase;
			buildActionMask = 2147483647;
			files = (
			);
			runOnlyForDeploymentPostprocessing = 0;
		};
/* End PBXResourcesBuildPhase section */

/* Begin PBXSourcesBuildPhase section */
		FD636E861D1402090010780B /* Sources */ = {
			isa = PBXSourcesBuildPhase;
			buildActionMask = 2147483647;
			files = (
				FDAC26501D183F57006C7184 /* HZRefreshControlConfiguration.m in Sources */,
				FD203FAE1D1A80C3002AD624 /* KyoLoadMoreControl.m in Sources */,
				FD636E951D1402090010780B /* ViewController.m in Sources */,
				FDAC263D1D17936C006C7184 /* HZRefreshControlViewPinterest.m in Sources */,
				FDAC26561D1930B9006C7184 /* HZRefreshComponetView.m in Sources */,
				FD636E921D1402090010780B /* AppDelegate.m in Sources */,
				FDAC26531D18DD4F006C7184 /* HZRefreshControl.m in Sources */,
				FD636E8F1D1402090010780B /* main.m in Sources */,
				FDAC264D1D183BD1006C7184 /* RHAnimator.m in Sources */,
			);
			runOnlyForDeploymentPostprocessing = 0;
		};
		FD636E9F1D1402090010780B /* Sources */ = {
			isa = PBXSourcesBuildPhase;
			buildActionMask = 2147483647;
			files = (
				FD636EA81D1402090010780B /* MTRefreshControlTests.m in Sources */,
			);
			runOnlyForDeploymentPostprocessing = 0;
		};
/* End PBXSourcesBuildPhase section */

/* Begin PBXTargetDependency section */
		FD636EA51D1402090010780B /* PBXTargetDependency */ = {
			isa = PBXTargetDependency;
			target = FD636E891D1402090010780B /* MTRefreshControl */;
			targetProxy = FD636EA41D1402090010780B /* PBXContainerItemProxy */;
		};
/* End PBXTargetDependency section */

/* Begin PBXVariantGroup section */
		FD636E961D1402090010780B /* Main.storyboard */ = {
			isa = PBXVariantGroup;
			children = (
				FD636E971D1402090010780B /* Base */,
			);
			name = Main.storyboard;
			sourceTree = "<group>";
		};
		FD636E9B1D1402090010780B /* LaunchScreen.storyboard */ = {
			isa = PBXVariantGroup;
			children = (
				FD636E9C1D1402090010780B /* Base */,
			);
			name = LaunchScreen.storyboard;
			sourceTree = "<group>";
		};
/* End PBXVariantGroup section */

/* Begin XCBuildConfiguration section */
		FD636EAA1D1402090010780B /* Debug */ = {
			isa = XCBuildConfiguration;
			buildSettings = {
				ALWAYS_SEARCH_USER_PATHS = NO;
				CLANG_ANALYZER_NONNULL = YES;
				CLANG_CXX_LANGUAGE_STANDARD = "gnu++0x";
				CLANG_CXX_LIBRARY = "libc++";
				CLANG_ENABLE_MODULES = YES;
				CLANG_ENABLE_OBJC_ARC = YES;
				CLANG_WARN_BOOL_CONVERSION = YES;
				CLANG_WARN_CONSTANT_CONVERSION = YES;
				CLANG_WARN_DIRECT_OBJC_ISA_USAGE = YES_ERROR;
				CLANG_WARN_EMPTY_BODY = YES;
				CLANG_WARN_ENUM_CONVERSION = YES;
				CLANG_WARN_INT_CONVERSION = YES;
				CLANG_WARN_OBJC_ROOT_CLASS = YES_ERROR;
				CLANG_WARN_UNREACHABLE_CODE = YES;
				CLANG_WARN__DUPLICATE_METHOD_MATCH = YES;
				"CODE_SIGN_IDENTITY[sdk=iphoneos*]" = "iPhone Developer";
				COPY_PHASE_STRIP = NO;
				DEBUG_INFORMATION_FORMAT = dwarf;
				ENABLE_STRICT_OBJC_MSGSEND = YES;
				ENABLE_TESTABILITY = YES;
				GCC_C_LANGUAGE_STANDARD = gnu99;
				GCC_DYNAMIC_NO_PIC = NO;
				GCC_NO_COMMON_BLOCKS = YES;
				GCC_OPTIMIZATION_LEVEL = 0;
				GCC_PREPROCESSOR_DEFINITIONS = (
					"DEBUG=1",
					"$(inherited)",
				);
				GCC_WARN_64_TO_32_BIT_CONVERSION = YES;
				GCC_WARN_ABOUT_RETURN_TYPE = YES_ERROR;
				GCC_WARN_UNDECLARED_SELECTOR = YES;
				GCC_WARN_UNINITIALIZED_AUTOS = YES_AGGRESSIVE;
				GCC_WARN_UNUSED_FUNCTION = YES;
				GCC_WARN_UNUSED_VARIABLE = YES;
				IPHONEOS_DEPLOYMENT_TARGET = 9.3;
				MTL_ENABLE_DEBUG_INFO = YES;
				ONLY_ACTIVE_ARCH = YES;
				SDKROOT = iphoneos;
				TARGETED_DEVICE_FAMILY = "1,2";
			};
			name = Debug;
		};
		FD636EAB1D1402090010780B /* Release */ = {
			isa = XCBuildConfiguration;
			buildSettings = {
				ALWAYS_SEARCH_USER_PATHS = NO;
				CLANG_ANALYZER_NONNULL = YES;
				CLANG_CXX_LANGUAGE_STANDARD = "gnu++0x";
				CLANG_CXX_LIBRARY = "libc++";
				CLANG_ENABLE_MODULES = YES;
				CLANG_ENABLE_OBJC_ARC = YES;
				CLANG_WARN_BOOL_CONVERSION = YES;
				CLANG_WARN_CONSTANT_CONVERSION = YES;
				CLANG_WARN_DIRECT_OBJC_ISA_USAGE = YES_ERROR;
				CLANG_WARN_EMPTY_BODY = YES;
				CLANG_WARN_ENUM_CONVERSION = YES;
				CLANG_WARN_INT_CONVERSION = YES;
				CLANG_WARN_OBJC_ROOT_CLASS = YES_ERROR;
				CLANG_WARN_UNREACHABLE_CODE = YES;
				CLANG_WARN__DUPLICATE_METHOD_MATCH = YES;
				"CODE_SIGN_IDENTITY[sdk=iphoneos*]" = "iPhone Developer";
				COPY_PHASE_STRIP = NO;
				DEBUG_INFORMATION_FORMAT = "dwarf-with-dsym";
				ENABLE_NS_ASSERTIONS = NO;
				ENABLE_STRICT_OBJC_MSGSEND = YES;
				GCC_C_LANGUAGE_STANDARD = gnu99;
				GCC_NO_COMMON_BLOCKS = YES;
				GCC_WARN_64_TO_32_BIT_CONVERSION = YES;
				GCC_WARN_ABOUT_RETURN_TYPE = YES_ERROR;
				GCC_WARN_UNDECLARED_SELECTOR = YES;
				GCC_WARN_UNINITIALIZED_AUTOS = YES_AGGRESSIVE;
				GCC_WARN_UNUSED_FUNCTION = YES;
				GCC_WARN_UNUSED_VARIABLE = YES;
				IPHONEOS_DEPLOYMENT_TARGET = 9.3;
				MTL_ENABLE_DEBUG_INFO = NO;
				SDKROOT = iphoneos;
				TARGETED_DEVICE_FAMILY = "1,2";
				VALIDATE_PRODUCT = YES;
			};
			name = Release;
		};
		FD636EAD1D1402090010780B /* Debug */ = {
			isa = XCBuildConfiguration;
			buildSettings = {
				ASSETCATALOG_COMPILER_APPICON_NAME = AppIcon;
				INFOPLIST_FILE = MTRefreshControl/Info.plist;
				LD_RUNPATH_SEARCH_PATHS = "$(inherited) @executable_path/Frameworks";
				PRODUCT_BUNDLE_IDENTIFIER = hzins.MTRefreshControl;
				PRODUCT_NAME = "$(TARGET_NAME)";
			};
			name = Debug;
		};
		FD636EAE1D1402090010780B /* Release */ = {
			isa = XCBuildConfiguration;
			buildSettings = {
				ASSETCATALOG_COMPILER_APPICON_NAME = AppIcon;
				INFOPLIST_FILE = MTRefreshControl/Info.plist;
				LD_RUNPATH_SEARCH_PATHS = "$(inherited) @executable_path/Frameworks";
				PRODUCT_BUNDLE_IDENTIFIER = hzins.MTRefreshControl;
				PRODUCT_NAME = "$(TARGET_NAME)";
			};
			name = Release;
		};
		FD636EB01D1402090010780B /* Debug */ = {
			isa = XCBuildConfiguration;
			buildSettings = {
				BUNDLE_LOADER = "$(TEST_HOST)";
				INFOPLIST_FILE = MTRefreshControlTests/Info.plist;
				LD_RUNPATH_SEARCH_PATHS = "$(inherited) @executable_path/Frameworks @loader_path/Frameworks";
				PRODUCT_BUNDLE_IDENTIFIER = hzins.MTRefreshControlTests;
				PRODUCT_NAME = "$(TARGET_NAME)";
				TEST_HOST = "$(BUILT_PRODUCTS_DIR)/MTRefreshControl.app/MTRefreshControl";
			};
			name = Debug;
		};
		FD636EB11D1402090010780B /* Release */ = {
			isa = XCBuildConfiguration;
			buildSettings = {
				BUNDLE_LOADER = "$(TEST_HOST)";
				INFOPLIST_FILE = MTRefreshControlTests/Info.plist;
				LD_RUNPATH_SEARCH_PATHS = "$(inherited) @executable_path/Frameworks @loader_path/Frameworks";
				PRODUCT_BUNDLE_IDENTIFIER = hzins.MTRefreshControlTests;
				PRODUCT_NAME = "$(TARGET_NAME)";
				TEST_HOST = "$(BUILT_PRODUCTS_DIR)/MTRefreshControl.app/MTRefreshControl";
			};
			name = Release;
		};
/* End XCBuildConfiguration section */

/* Begin XCConfigurationList section */
		FD636E851D1402090010780B /* Build configuration list for PBXProject "MTRefreshControl" */ = {
			isa = XCConfigurationList;
			buildConfigurations = (
				FD636EAA1D1402090010780B /* Debug */,
				FD636EAB1D1402090010780B /* Release */,
			);
			defaultConfigurationIsVisible = 0;
			defaultConfigurationName = Release;
		};
		FD636EAC1D1402090010780B /* Build configuration list for PBXNativeTarget "MTRefreshControl" */ = {
			isa = XCConfigurationList;
			buildConfigurations = (
				FD636EAD1D1402090010780B /* Debug */,
				FD636EAE1D1402090010780B /* Release */,
			);
			defaultConfigurationIsVisible = 0;
			defaultConfigurationName = Release;
		};
		FD636EAF1D1402090010780B /* Build configuration list for PBXNativeTarget "MTRefreshControlTests" */ = {
			isa = XCConfigurationList;
			buildConfigurations = (
				FD636EB01D1402090010780B /* Debug */,
				FD636EB11D1402090010780B /* Release */,
			);
			defaultConfigurationIsVisible = 0;
			defaultConfigurationName = Release;
		};
/* End XCConfigurationList section */
	};
	rootObject = FD636E821D1402090010780B /* Project object */;
}
